
Microsoft Visual Studio Solution File, Format Version 12.00
# Visual Studio Version 17
VisualStudioVersion = 17.14.36414.22 d17.14
MinimumVisualStudioVersion = 10.0.40219.1
Project("{FAE04EC0-301F-11D3-BF4B-00C04F79EFBC}") = "Ejercicio2", "Ejercicio2\Ejercicio2.csproj", "{FD0C963E-D6EB-4773-8715-F78A14495729}"
EndProject
Global
	GlobalSection(SolutionConfigurationPlatforms) = preSolution
		Debug|Any CPU = Debug|Any CPU
		Release|Any CPU = Release|Any CPU
	EndGlobalSection
	GlobalSection(ProjectConfigurationPlatforms) = postSolution
		{FD0C963E-D6EB-4773-8715-F78A14495729}.Debug|Any CPU.ActiveCfg = Debug|Any CPU
		{FD0C963E-D6EB-4773-8715-F78A14495729}.Debug|Any CPU.Build.0 = Debug|Any CPU
		{FD0C963E-D6EB-4773-8715-F78A14495729}.Release|Any CPU.ActiveCfg = Release|Any CPU
		{FD0C963E-D6EB-4773-8715-F78A14495729}.Release|Any CPU.Build.0 = Release|Any CPU
	EndGlobalSection
	GlobalSection(SolutionProperties) = preSolution
		HideSolutionNode = FALSE
	EndGlobalSection
	GlobalSection(ExtensibilityGlobals) = postSolution
		SolutionGuid = {89E8462F-50A0-4F82-A58A-BF40E6C9AB2F}
	EndGlobalSection
EndGlobal
