
Microsoft Visual Studio Solution File, Format Version 12.00
# Visual Studio Version 17
VisualStudioVersion = 17.14.36603.0 d17.14
MinimumVisualStudioVersion = 10.0.40219.1
Project("{FAE04EC0-301F-11D3-BF4B-00C04F79EFBC}") = "MiLibreriaWPF", "MiLibreriaWPF\MiLibreriaWPF.csproj", "{AA2B08A3-E36D-41A5-B0E3-03814FE358EE}"
EndProject
Global
	GlobalSection(SolutionConfigurationPlatforms) = preSolution
		Debug|Any CPU = Debug|Any CPU
		Release|Any CPU = Release|Any CPU
	EndGlobalSection
	GlobalSection(ProjectConfigurationPlatforms) = postSolution
		{AA2B08A3-E36D-41A5-B0E3-03814FE358EE}.Debug|Any CPU.ActiveCfg = Debug|Any CPU
		{AA2B08A3-E36D-41A5-B0E3-03814FE358EE}.Debug|Any CPU.Build.0 = Debug|Any CPU
		{AA2B08A3-E36D-41A5-B0E3-03814FE358EE}.Release|Any CPU.ActiveCfg = Release|Any CPU
		{AA2B08A3-E36D-41A5-B0E3-03814FE358EE}.Release|Any CPU.Build.0 = Release|Any CPU
	EndGlobalSection
	GlobalSection(SolutionProperties) = preSolution
		HideSolutionNode = FALSE
	EndGlobalSection
	GlobalSection(ExtensibilityGlobals) = postSolution
		SolutionGuid = {B53233E7-F100-43C7-9F52-53AEC8708C7C}
	EndGlobalSection
EndGlobal
