
Microsoft Visual Studio Solution File, Format Version 12.00
# Visual Studio Version 17
VisualStudioVersion = 17.14.36414.22 d17.14
MinimumVisualStudioVersion = 10.0.40219.1
Project("{FAE04EC0-301F-11D3-BF4B-00C04F79EFBC}") = "EventosyDelegados_v2", "EventosyDelegados_v2\EventosyDelegados_v2.csproj", "{9B953147-F464-493B-803E-D611CD05F384}"
EndProject
Global
	GlobalSection(SolutionConfigurationPlatforms) = preSolution
		Debug|Any CPU = Debug|Any CPU
		Release|Any CPU = Release|Any CPU
	EndGlobalSection
	GlobalSection(ProjectConfigurationPlatforms) = postSolution
		{9B953147-F464-493B-803E-D611CD05F384}.Debug|Any CPU.ActiveCfg = Debug|Any CPU
		{9B953147-F464-493B-803E-D611CD05F384}.Debug|Any CPU.Build.0 = Debug|Any CPU
		{9B953147-F464-493B-803E-D611CD05F384}.Release|Any CPU.ActiveCfg = Release|Any CPU
		{9B953147-F464-493B-803E-D611CD05F384}.Release|Any CPU.Build.0 = Release|Any CPU
	EndGlobalSection
	GlobalSection(SolutionProperties) = preSolution
		HideSolutionNode = FALSE
	EndGlobalSection
	GlobalSection(ExtensibilityGlobals) = postSolution
		SolutionGuid = {CC7C0C17-6BAB-423A-A17B-0C97ADA0A247}
	EndGlobalSection
EndGlobal
