
Microsoft Visual Studio Solution File, Format Version 12.00
# Visual Studio Version 17
VisualStudioVersion = 17.14.36414.22 d17.14
MinimumVisualStudioVersion = 10.0.40219.1
Project("{FAE04EC0-301F-11D3-BF4B-00C04F79EFBC}") = "Calculadora", "Calculadora\Calculadora.csproj", "{DF40F61D-A7EF-45B8-89C6-93FA0552E338}"
EndProject
Project("{FAE04EC0-301F-11D3-BF4B-00C04F79EFBC}") = "UnitTestProject", "UnitTestProject\UnitTestProject.csproj", "{5715035F-4829-4F11-8794-518C2527E270}"
EndProject
Global
	GlobalSection(SolutionConfigurationPlatforms) = preSolution
		Debug|Any CPU = Debug|Any CPU
		Release|Any CPU = Release|Any CPU
	EndGlobalSection
	GlobalSection(ProjectConfigurationPlatforms) = postSolution
		{DF40F61D-A7EF-45B8-89C6-93FA0552E338}.Debug|Any CPU.ActiveCfg = Debug|Any CPU
		{DF40F61D-A7EF-45B8-89C6-93FA0552E338}.Debug|Any CPU.Build.0 = Debug|Any CPU
		{DF40F61D-A7EF-45B8-89C6-93FA0552E338}.Release|Any CPU.ActiveCfg = Release|Any CPU
		{DF40F61D-A7EF-45B8-89C6-93FA0552E338}.Release|Any CPU.Build.0 = Release|Any CPU
		{5715035F-4829-4F11-8794-518C2527E270}.Debug|Any CPU.ActiveCfg = Debug|Any CPU
		{5715035F-4829-4F11-8794-518C2527E270}.Debug|Any CPU.Build.0 = Debug|Any CPU
		{5715035F-4829-4F11-8794-518C2527E270}.Release|Any CPU.ActiveCfg = Release|Any CPU
		{5715035F-4829-4F11-8794-518C2527E270}.Release|Any CPU.Build.0 = Release|Any CPU
	EndGlobalSection
	GlobalSection(SolutionProperties) = preSolution
		HideSolutionNode = FALSE
	EndGlobalSection
	GlobalSection(ExtensibilityGlobals) = postSolution
		SolutionGuid = {18433A62-29DB-4FDC-ABE5-0A8C3FD58C1B}
	EndGlobalSection
EndGlobal
